// !$*UTF8*$!
{
	archiveVersion = 1;
	classes = {
	};
	objectVersion = 46;
	objects = {

/* Begin PBXBuildFile section */
		CD7082421B21E2D800CDD1A0 /* AppDelegate.swift in Sources */ = {isa = PBXBuildFile; fileRef = CD7082411B21E2D800CDD1A0 /* AppDelegate.swift */; };
		CD7082441B21E2D800CDD1A0 /* FirstViewController.swift in Sources */ = {isa = PBXBuildFile; fileRef = CD7082431B21E2D800CDD1A0 /* FirstViewController.swift */; };
		CD7082461B21E2D800CDD1A0 /* SecondViewController.swift in Sources */ = {isa = PBXBuildFile; fileRef = CD7082451B21E2D800CDD1A0 /* SecondViewController.swift */; };
		CD7082491B21E2D800CDD1A0 /* Main.storyboard in Resources */ = {isa = PBXBuildFile; fileRef = CD7082471B21E2D800CDD1A0 /* Main.storyboard */; };
		CD70824B1B21E2D800CDD1A0 /* Images.xcassets in Resources */ = {isa = PBXBuildFile; fileRef = CD70824A1B21E2D800CDD1A0 /* Images.xcassets */; };
		CD70824E1B21E2D800CDD1A0 /* LaunchScreen.xib in Resources */ = {isa = PBXBuildFile; fileRef = CD70824C1B21E2D800CDD1A0 /* LaunchScreen.xib */; };
		CD70825A1B21E2D800CDD1A0 /* QuickShareTests.swift in Sources */ = {isa = PBXBuildFile; fileRef = CD7082591B21E2D800CDD1A0 /* QuickShareTests.swift */; };
/* End PBXBuildFile section */

/* Begin PBXContainerItemProxy section */
		CD7082541B21E2D800CDD1A0 /* PBXContainerItemProxy */ = {
			isa = PBXContainerItemProxy;
			containerPortal = CD7082341B21E2D800CDD1A0 /* Project object */;
			proxyType = 1;
			remoteGlobalIDString = CD70823B1B21E2D800CDD1A0;
			remoteInfo = QuickShare;
		};
/* End PBXContainerItemProxy section */

/* Begin PBXFileReference section */
		CD70823C1B21E2D800CDD1A0 /* QuickShare.app */ = {isa = PBXFileReference; explicitFileType = wrapper.application; includeInIndex = 0; path = QuickShare.app; sourceTree = BUILT_PRODUCTS_DIR; };
		CD7082401B21E2D800CDD1A0 /* Info.plist */ = {isa = PBXFileReference; lastKnownFileType = text.plist.xml; path = Info.plist; sourceTree = "<group>"; };
		CD7082411B21E2D800CDD1A0 /* AppDelegate.swift */ = {isa = PBXFileReference; lastKnownFileType = sourcecode.swift; path = AppDelegate.swift; sourceTree = "<group>"; };
		CD7082431B21E2D800CDD1A0 /* FirstViewController.swift */ = {isa = PBXFileReference; lastKnownFileType = sourcecode.swift; path = FirstViewController.swift; sourceTree = "<group>"; };
		CD7082451B21E2D800CDD1A0 /* SecondViewController.swift */ = {isa = PBXFileReference; lastKnownFileType = sourcecode.swift; path = SecondViewController.swift; sourceTree = "<group>"; };
		CD7082481B21E2D800CDD1A0 /* Base */ = {isa = PBXFileReference; lastKnownFileType = file.storyboard; name = Base; path = Base.lproj/Main.storyboard; sourceTree = "<group>"; };
		CD70824A1B21E2D800CDD1A0 /* Images.xcassets */ = {isa = PBXFileReference; lastKnownFileType = folder.assetcatalog; path = Images.xcassets; sourceTree = "<group>"; };
		CD70824D1B21E2D800CDD1A0 /* Base */ = {isa = PBXFileReference; lastKnownFileType = file.xib; name = Base; path = Base.lproj/LaunchScreen.xib; sourceTree = "<group>"; };
		CD7082531B21E2D800CDD1A0 /* QuickShareTests.xctest */ = {isa = PBXFileReference; explicitFileType = wrapper.cfbundle; includeInIndex = 0; path = QuickShareTests.xctest; sourceTree = BUILT_PRODUCTS_DIR; };
		CD7082581B21E2D800CDD1A0 /* Info.plist */ = {isa = PBXFileReference; lastKnownFileType = text.plist.xml; path = Info.plist; sourceTree = "<group>"; };
		CD7082591B21E2D800CDD1A0 /* QuickShareTests.swift */ = {isa = PBXFileReference; lastKnownFileType = sourcecode.swift; path = QuickShareTests.swift; sourceTree = "<group>"; };
/* End PBXFileReference section */

/* Begin PBXFrameworksBuildPhase section */
		CD7082391B21E2D800CDD1A0 /* Frameworks */ = {
			isa = PBXFrameworksBuildPhase;
			buildActionMask = 2147483647;
			files = (
			);
			runOnlyForDeploymentPostprocessing = 0;
		};
		CD7082501B21E2D800CDD1A0 /* Frameworks */ = {
			isa = PBXFrameworksBuildPhase;
			buildActionMask = 2147483647;
			files = (
			);
			runOnlyForDeploymentPostprocessing = 0;
		};
/* End PBXFrameworksBuildPhase section */

/* Begin PBXGroup section */
		CD7082331B21E2D800CDD1A0 = {
			isa = PBXGroup;
			children = (
				CD70823E1B21E2D800CDD1A0 /* QuickShare */,
				CD7082561B21E2D800CDD1A0 /* QuickShareTests */,
				CD70823D1B21E2D800CDD1A0 /* Products */,
			);
			sourceTree = "<group>";
		};
		CD70823D1B21E2D800CDD1A0 /* Products */ = {
			isa = PBXGroup;
			children = (
				CD70823C1B21E2D800CDD1A0 /* QuickShare.app */,
				CD7082531B21E2D800CDD1A0 /* QuickShareTests.xctest */,
			);
			name = Products;
			sourceTree = "<group>";
		};
		CD70823E1B21E2D800CDD1A0 /* QuickShare */ = {
			isa = PBXGroup;
			children = (
				CD7082411B21E2D800CDD1A0 /* AppDelegate.swift */,
				CD7082431B21E2D800CDD1A0 /* FirstViewController.swift */,
				CD7082451B21E2D800CDD1A0 /* SecondViewController.swift */,
				CD7082471B21E2D800CDD1A0 /* Main.storyboard */,
				CD70824A1B21E2D800CDD1A0 /* Images.xcassets */,
				CD70824C1B21E2D800CDD1A0 /* LaunchScreen.xib */,
				CD70823F1B21E2D800CDD1A0 /* Supporting Files */,
			);
			path = QuickShare;
			sourceTree = "<group>";
		};
		CD70823F1B21E2D800CDD1A0 /* Supporting Files */ = {
			isa = PBXGroup;
			children = (
				CD7082401B21E2D800CDD1A0 /* Info.plist */,
			);
			name = "Supporting Files";
			sourceTree = "<group>";
		};
		CD7082561B21E2D800CDD1A0 /* QuickShareTests */ = {
			isa = PBXGroup;
			children = (
				CD7082591B21E2D800CDD1A0 /* QuickShareTests.swift */,
				CD7082571B21E2D800CDD1A0 /* Supporting Files */,
			);
			path = QuickShareTests;
			sourceTree = "<group>";
		};
		CD7082571B21E2D800CDD1A0 /* Supporting Files */ = {
			isa = PBXGroup;
			children = (
				CD7082581B21E2D800CDD1A0 /* Info.plist */,
			);
			name = "Supporting Files";
			sourceTree = "<group>";
		};
/* End PBXGroup section */

/* Begin PBXNativeTarget section */
		CD70823B1B21E2D800CDD1A0 /* QuickShare */ = {
			isa = PBXNativeTarget;
			buildConfigurationList = CD70825D1B21E2D800CDD1A0 /* Build configuration list for PBXNativeTarget "QuickShare" */;
			buildPhases = (
				CD7082381B21E2D800CDD1A0 /* Sources */,
				CD7082391B21E2D800CDD1A0 /* Frameworks */,
				CD70823A1B21E2D800CDD1A0 /* Resources */,
			);
			buildRules = (
			);
			dependencies = (
			);
			name = QuickShare;
			productName = QuickShare;
			productReference = CD70823C1B21E2D800CDD1A0 /* QuickShare.app */;
			productType = "com.apple.product-type.application";
		};
		CD7082521B21E2D800CDD1A0 /* QuickShareTests */ = {
			isa = PBXNativeTarget;
			buildConfigurationList = CD7082601B21E2D800CDD1A0 /* Build configuration list for PBXNativeTarget "QuickShareTests" */;
			buildPhases = (
				CD70824F1B21E2D800CDD1A0 /* Sources */,
				CD7082501B21E2D800CDD1A0 /* Frameworks */,
				CD7082511B21E2D800CDD1A0 /* Resources */,
			);
			buildRules = (
			);
			dependencies = (
				CD7082551B21E2D800CDD1A0 /* PBXTargetDependency */,
			);
			name = QuickShareTests;
			productName = QuickShareTests;
			productReference = CD7082531B21E2D800CDD1A0 /* QuickShareTests.xctest */;
			productType = "com.apple.product-type.bundle.unit-test";
		};
/* End PBXNativeTarget section */

/* Begin PBXProject section */
		CD7082341B21E2D800CDD1A0 /* Project object */ = {
			isa = PBXProject;
			attributes = {
				LastUpgradeCheck = 0630;
				ORGANIZATIONNAME = "Nick Ludlow";
				TargetAttributes = {
					CD70823B1B21E2D800CDD1A0 = {
						CreatedOnToolsVersion = 6.3.2;
					};
					CD7082521B21E2D800CDD1A0 = {
						CreatedOnToolsVersion = 6.3.2;
						TestTargetID = CD70823B1B21E2D800CDD1A0;
					};
				};
			};
			buildConfigurationList = CD7082371B21E2D800CDD1A0 /* Build configuration list for PBXProject "QuickShare" */;
			compatibilityVersion = "Xcode 3.2";
			developmentRegion = English;
			hasScannedForEncodings = 0;
			knownRegions = (
				en,
				Base,
			);
			mainGroup = CD7082331B21E2D800CDD1A0;
			productRefGroup = CD70823D1B21E2D800CDD1A0 /* Products */;
			projectDirPath = "";
			projectRoot = "";
			targets = (
				CD70823B1B21E2D800CDD1A0 /* QuickShare */,
				CD7082521B21E2D800CDD1A0 /* QuickShareTests */,
			);
		};
/* End PBXProject section */

/* Begin PBXResourcesBuildPhase section */
		CD70823A1B21E2D800CDD1A0 /* Resources */ = {
			isa = PBXResourcesBuildPhase;
			buildActionMask = 2147483647;
			files = (
				CD7082491B21E2D800CDD1A0 /* Main.storyboard in Resources */,
				CD70824E1B21E2D800CDD1A0 /* LaunchScreen.xib in Resources */,
				CD70824B1B21E2D800CDD1A0 /* Images.xcassets in Resources */,
			);
			runOnlyForDeploymentPostprocessing = 0;
		};
		CD7082511B21E2D800CDD1A0 /* Resources */ = {
			isa = PBXResourcesBuildPhase;
			buildActionMask = 2147483647;
			files = (
			);
			runOnlyForDeploymentPostprocessing = 0;
		};
/* End PBXResourcesBuildPhase section */

/* Begin PBXSourcesBuildPhase section */
		CD7082381B21E2D800CDD1A0 /* Sources */ = {
			isa = PBXSourcesBuildPhase;
			buildActionMask = 2147483647;
			files = (
				CD7082461B21E2D800CDD1A0 /* SecondViewController.swift in Sources */,
				CD7082421B21E2D800CDD1A0 /* AppDelegate.swift in Sources */,
				CD7082441B21E2D800CDD1A0 /* FirstViewController.swift in Sources */,
			);
			runOnlyForDeploymentPostprocessing = 0;
		};
		CD70824F1B21E2D800CDD1A0 /* Sources */ = {
			isa = PBXSourcesBuildPhase;
			buildActionMask = 2147483647;
			files = (
				CD70825A1B21E2D800CDD1A0 /* QuickShareTests.swift in Sources */,
			);
			runOnlyForDeploymentPostprocessing = 0;
		};
/* End PBXSourcesBuildPhase section */

/* Begin PBXTargetDependency section */
		CD7082551B21E2D800CDD1A0 /* PBXTargetDependency */ = {
			isa = PBXTargetDependency;
			target = CD70823B1B21E2D800CDD1A0 /* QuickShare */;
			targetProxy = CD7082541B21E2D800CDD1A0 /* PBXContainerItemProxy */;
		};
/* End PBXTargetDependency section */

/* Begin PBXVariantGroup section */
		CD7082471B21E2D800CDD1A0 /* Main.storyboard */ = {
			isa = PBXVariantGroup;
			children = (
				CD7082481B21E2D800CDD1A0 /* Base */,
			);
			name = Main.storyboard;
			sourceTree = "<group>";
		};
		CD70824C1B21E2D800CDD1A0 /* LaunchScreen.xib */ = {
			isa = PBXVariantGroup;
			children = (
				CD70824D1B21E2D800CDD1A0 /* Base */,
			);
			name = LaunchScreen.xib;
			sourceTree = "<group>";
		};
/* End PBXVariantGroup section */

/* Begin XCBuildConfiguration section */
		CD70825B1B21E2D800CDD1A0 /* Debug */ = {
			isa = XCBuildConfiguration;
			buildSettings = {
				ALWAYS_SEARCH_USER_PATHS = NO;
				CLANG_CXX_LANGUAGE_STANDARD = "gnu++0x";
				CLANG_CXX_LIBRARY = "libc++";
				CLANG_ENABLE_MODULES = YES;
				CLANG_ENABLE_OBJC_ARC = YES;
				CLANG_WARN_BOOL_CONVERSION = YES;
				CLANG_WARN_CONSTANT_CONVERSION = YES;
				CLANG_WARN_DIRECT_OBJC_ISA_USAGE = YES_ERROR;
				CLANG_WARN_EMPTY_BODY = YES;
				CLANG_WARN_ENUM_CONVERSION = YES;
				CLANG_WARN_INT_CONVERSION = YES;
				CLANG_WARN_OBJC_ROOT_CLASS = YES_ERROR;
				CLANG_WARN_UNREACHABLE_CODE = YES;
				CLANG_WARN__DUPLICATE_METHOD_MATCH = YES;
				"CODE_SIGN_IDENTITY[sdk=iphoneos*]" = "iPhone Developer";
				COPY_PHASE_STRIP = NO;
				DEBUG_INFORMATION_FORMAT = "dwarf-with-dsym";
				ENABLE_STRICT_OBJC_MSGSEND = YES;
				GCC_C_LANGUAGE_STANDARD = gnu99;
				GCC_DYNAMIC_NO_PIC = NO;
				GCC_NO_COMMON_BLOCKS = YES;
				GCC_OPTIMIZATION_LEVEL = 0;
				GCC_PREPROCESSOR_DEFINITIONS = (
					"DEBUG=1",
					"$(inherited)",
				);
				GCC_SYMBOLS_PRIVATE_EXTERN = NO;
				GCC_WARN_64_TO_32_BIT_CONVERSION = YES;
				GCC_WARN_ABOUT_RETURN_TYPE = YES_ERROR;
				GCC_WARN_UNDECLARED_SELECTOR = YES;
				GCC_WARN_UNINITIALIZED_AUTOS = YES_AGGRESSIVE;
				GCC_WARN_UNUSED_FUNCTION = YES;
				GCC_WARN_UNUSED_VARIABLE = YES;
				IPHONEOS_DEPLOYMENT_TARGET = 8.3;
				MTL_ENABLE_DEBUG_INFO = YES;
				ONLY_ACTIVE_ARCH = YES;
				SDKROOT = iphoneos;
				SWIFT_OPTIMIZATION_LEVEL = "-Onone";
			};
			name = Debug;
		};
		CD70825C1B21E2D800CDD1A0 /* Release */ = {
			isa = XCBuildConfiguration;
			buildSettings = {
				ALWAYS_SEARCH_USER_PATHS = NO;
				CLANG_CXX_LANGUAGE_STANDARD = "gnu++0x";
				CLANG_CXX_LIBRARY = "libc++";
				CLANG_ENABLE_MODULES = YES;
				CLANG_ENABLE_OBJC_ARC = YES;
				CLANG_WARN_BOOL_CONVERSION = YES;
				CLANG_WARN_CONSTANT_CONVERSION = YES;
				CLANG_WARN_DIRECT_OBJC_ISA_USAGE = YES_ERROR;
				CLANG_WARN_EMPTY_BODY = YES;
				CLANG_WARN_ENUM_CONVERSION = YES;
				CLANG_WARN_INT_CONVERSION = YES;
				CLANG_WARN_OBJC_ROOT_CLASS = YES_ERROR;
				CLANG_WARN_UNREACHABLE_CODE = YES;
				CLANG_WARN__DUPLICATE_METHOD_MATCH = YES;
				"CODE_SIGN_IDENTITY[sdk=iphoneos*]" = "iPhone Developer";
				COPY_PHASE_STRIP = NO;
				DEBUG_INFORMATION_FORMAT = "dwarf-with-dsym";
				ENABLE_NS_ASSERTIONS = NO;
				ENABLE_STRICT_OBJC_MSGSEND = YES;
				GCC_C_LANGUAGE_STANDARD = gnu99;
				GCC_NO_COMMON_BLOCKS = YES;
				GCC_WARN_64_TO_32_BIT_CONVERSION = YES;
				GCC_WARN_ABOUT_RETURN_TYPE = YES_ERROR;
				GCC_WARN_UNDECLARED_SELECTOR = YES;
				GCC_WARN_UNINITIALIZED_AUTOS = YES_AGGRESSIVE;
				GCC_WARN_UNUSED_FUNCTION = YES;
				GCC_WARN_UNUSED_VARIABLE = YES;
				IPHONEOS_DEPLOYMENT_TARGET = 8.3;
				MTL_ENABLE_DEBUG_INFO = NO;
				SDKROOT = iphoneos;
				VALIDATE_PRODUCT = YES;
			};
			name = Release;
		};
		CD70825E1B21E2D800CDD1A0 /* Debug */ = {
			isa = XCBuildConfiguration;
			buildSettings = {
				ASSETCATALOG_COMPILER_APPICON_NAME = AppIcon;
				INFOPLIST_FILE = QuickShare/Info.plist;
				LD_RUNPATH_SEARCH_PATHS = "$(inherited) @executable_path/Frameworks";
				PRODUCT_NAME = "$(TARGET_NAME)";
			};
			name = Debug;
		};
		CD70825F1B21E2D800CDD1A0 /* Release */ = {
			isa = XCBuildConfiguration;
			buildSettings = {
				ASSETCATALOG_COMPILER_APPICON_NAME = AppIcon;
				INFOPLIST_FILE = QuickShare/Info.plist;
				LD_RUNPATH_SEARCH_PATHS = "$(inherited) @executable_path/Frameworks";
				PRODUCT_NAME = "$(TARGET_NAME)";
			};
			name = Release;
		};
		CD7082611B21E2D800CDD1A0 /* Debug */ = {
			isa = XCBuildConfiguration;
			buildSettings = {
				BUNDLE_LOADER = "$(TEST_HOST)";
				FRAMEWORK_SEARCH_PATHS = (
					"$(SDKROOT)/Developer/Library/Frameworks",
					"$(inherited)",
				);
				GCC_PREPROCESSOR_DEFINITIONS = (
					"DEBUG=1",
					"$(inherited)",
				);
				INFOPLIST_FILE = QuickShareTests/Info.plist;
				LD_RUNPATH_SEARCH_PATHS = "$(inherited) @executable_path/Frameworks @loader_path/Frameworks";
				PRODUCT_NAME = "$(TARGET_NAME)";
				TEST_HOST = "$(BUILT_PRODUCTS_DIR)/QuickShare.app/QuickShare";
			};
			name = Debug;
		};
		CD7082621B21E2D800CDD1A0 /* Release */ = {
			isa = XCBuildConfiguration;
			buildSettings = {
				BUNDLE_LOADER = "$(TEST_HOST)";
				FRAMEWORK_SEARCH_PATHS = (
					"$(SDKROOT)/Developer/Library/Frameworks",
					"$(inherited)",
				);
				INFOPLIST_FILE = QuickShareTests/Info.plist;
				LD_RUNPATH_SEARCH_PATHS = "$(inherited) @executable_path/Frameworks @loader_path/Frameworks";
				PRODUCT_NAME = "$(TARGET_NAME)";
				TEST_HOST = "$(BUILT_PRODUCTS_DIR)/QuickShare.app/QuickShare";
			};
			name = Release;
		};
/* End XCBuildConfiguration section */

/* Begin XCConfigurationList section */
		CD7082371B21E2D800CDD1A0 /* Build configuration list for PBXProject "QuickShare" */ = {
			isa = XCConfigurationList;
			buildConfigurations = (
				CD70825B1B21E2D800CDD1A0 /* Debug */,
				CD70825C1B21E2D800CDD1A0 /* Release */,
			);
			defaultConfigurationIsVisible = 0;
			defaultConfigurationName = Release;
		};
		CD70825D1B21E2D800CDD1A0 /* Build configuration list for PBXNativeTarget "QuickShare" */ = {
			isa = XCConfigurationList;
			buildConfigurations = (
				CD70825E1B21E2D800CDD1A0 /* Debug */,
				CD70825F1B21E2D800CDD1A0 /* Release */,
			);
			defaultConfigurationIsVisible = 0;
		};
		CD7082601B21E2D800CDD1A0 /* Build configuration list for PBXNativeTarget "QuickShareTests" */ = {
			isa = XCConfigurationList;
			buildConfigurations = (
				CD7082611B21E2D800CDD1A0 /* Debug */,
				CD7082621B21E2D800CDD1A0 /* Release */,
			);
			defaultConfigurationIsVisible = 0;
		};
/* End XCConfigurationList section */
	};
	rootObject = CD7082341B21E2D800CDD1A0 /* Project object */;
}
